// !$*UTF8*$!
{
	archiveVersion = 1;
	classes = {
	};
	objectVersion = 56;
	objects = {

/* Begin PBXBuildFile section */
		4F04C66A2A2CC8BF0003C760 /* AppDelegate.mm in Sources */ = {isa = PBXBuildFile; fileRef = 4F04C6692A2CC8BF0003C760 /* AppDelegate.mm */; };
		4F04C66C2A2CC8C00003C760 /* Assets.xcassets in Resources */ = {isa = PBXBuildFile; fileRef = 4F04C66B2A2CC8C00003C760 /* Assets.xcassets */; };
		4F04C6712A2CC8C00003C760 /* main.mm in Sources */ = {isa = PBXBuildFile; fileRef = 4F04C6702A2CC8C00003C760 /* main.mm */; };
		4F04C7112A2D83250003C760 /* MainSplitViewController.mm in Sources */ = {isa = PBXBuildFile; fileRef = 4F04C7102A2D83250003C760 /* MainSplitViewController.mm */; };
		4F04C7172A2D86FD0003C760 /* SummariesViewController.mm in Sources */ = {isa = PBXBuildFile; fileRef = 4F04C7162A2D86FD0003C760 /* SummariesViewController.mm */; };
		4F04C71A2A2D87ED0003C760 /* DetailViewController.mm in Sources */ = {isa = PBXBuildFile; fileRef = 4F04C7192A2D87ED0003C760 /* DetailViewController.mm */; };
		4FD442352A2DD9B700B5443C /* SummaryTableCellView.mm in Sources */ = {isa = PBXBuildFile; fileRef = 4FD442342A2DD9B700B5443C /* SummaryTableCellView.mm */; };
		4FD442372A2DD9C100B5443C /* SummaryTableCellView.xib in Resources */ = {isa = PBXBuildFile; fileRef = 4FD442362A2DD9C100B5443C /* SummaryTableCellView.xib */; };
		4FD4423F2A2DE90700B5443C /* IOKitWrapper.cpp in Sources */ = {isa = PBXBuildFile; fileRef = 4FD4423D2A2DE90700B5443C /* IOKitWrapper.cpp */; };
		4FD442422A2E21B300B5443C /* SummaryNode.cpp in Sources */ = {isa = PBXBuildFile; fileRef = 4FD442402A2E21B300B5443C /* SummaryNode.cpp */; };
		4FD442452A2E259200B5443C /* SummaryNodeObject.mm in Sources */ = {isa = PBXBuildFile; fileRef = 4FD442442A2E259200B5443C /* SummaryNodeObject.mm */; };
		4FD442462A2E262100B5443C /* IOKit.framework in Frameworks */ = {isa = PBXBuildFile; fileRef = 4F04C67B2A2CC8FB0003C760 /* IOKit.framework */; };
		4FD442472A2E262500B5443C /* AppKit.framework in Frameworks */ = {isa = PBXBuildFile; fileRef = 4F04C6792A2CC8F70003C760 /* AppKit.framework */; };
		4FD4424A2A2E2E6400B5443C /* SummariesViewModel.mm in Sources */ = {isa = PBXBuildFile; fileRef = 4FD442492A2E2E6400B5443C /* SummariesViewModel.mm */; };
		4FD4424D2A2E3CB700B5443C /* DetailViewModel.mm in Sources */ = {isa = PBXBuildFile; fileRef = 4FD4424C2A2E3CB700B5443C /* DetailViewModel.mm */; };
/* End PBXBuildFile section */

/* Begin PBXFileReference section */
		4F04C6652A2CC8BF0003C760 /* IOExplorer.app */ = {isa = PBXFileReference; explicitFileType = wrapper.application; includeInIndex = 0; path = IOExplorer.app; sourceTree = BUILT_PRODUCTS_DIR; };
		4F04C6682A2CC8BF0003C760 /* AppDelegate.hpp */ = {isa = PBXFileReference; lastKnownFileType = sourcecode.cpp.h; path = AppDelegate.hpp; sourceTree = "<group>"; };
		4F04C6692A2CC8BF0003C760 /* AppDelegate.mm */ = {isa = PBXFileReference; lastKnownFileType = sourcecode.cpp.objcpp; path = AppDelegate.mm; sourceTree = "<group>"; };
		4F04C66B2A2CC8C00003C760 /* Assets.xcassets */ = {isa = PBXFileReference; lastKnownFileType = folder.assetcatalog; path = Assets.xcassets; sourceTree = "<group>"; };
		4F04C6702A2CC8C00003C760 /* main.mm */ = {isa = PBXFileReference; lastKnownFileType = sourcecode.cpp.objcpp; path = main.mm; sourceTree = "<group>"; };
		4F04C6722A2CC8C00003C760 /* IOExplorer.entitlements */ = {isa = PBXFileReference; lastKnownFileType = text.plist.entitlements; path = IOExplorer.entitlements; sourceTree = "<group>"; };
		4F04C6792A2CC8F70003C760 /* AppKit.framework */ = {isa = PBXFileReference; lastKnownFileType = wrapper.framework; name = AppKit.framework; path = System/Library/Frameworks/AppKit.framework; sourceTree = SDKROOT; };
		4F04C67B2A2CC8FB0003C760 /* IOKit.framework */ = {isa = PBXFileReference; lastKnownFileType = wrapper.framework; name = IOKit.framework; path = System/Library/Frameworks/IOKit.framework; sourceTree = SDKROOT; };
		4F04C70F2A2D83250003C760 /* MainSplitViewController.hpp */ = {isa = PBXFileReference; lastKnownFileType = sourcecode.cpp.h; path = MainSplitViewController.hpp; sourceTree = "<group>"; };
		4F04C7102A2D83250003C760 /* MainSplitViewController.mm */ = {isa = PBXFileReference; lastKnownFileType = sourcecode.cpp.objcpp; path = MainSplitViewController.mm; sourceTree = "<group>"; };
		4F04C7152A2D86FD0003C760 /* SummariesViewController.hpp */ = {isa = PBXFileReference; lastKnownFileType = sourcecode.cpp.h; path = SummariesViewController.hpp; sourceTree = "<group>"; };
		4F04C7162A2D86FD0003C760 /* SummariesViewController.mm */ = {isa = PBXFileReference; lastKnownFileType = sourcecode.cpp.objcpp; path = SummariesViewController.mm; sourceTree = "<group>"; };
		4F04C7182A2D87ED0003C760 /* DetailViewController.hpp */ = {isa = PBXFileReference; lastKnownFileType = sourcecode.cpp.h; path = DetailViewController.hpp; sourceTree = "<group>"; };
		4F04C7192A2D87ED0003C760 /* DetailViewController.mm */ = {isa = PBXFileReference; lastKnownFileType = sourcecode.cpp.objcpp; path = DetailViewController.mm; sourceTree = "<group>"; };
		4FD442332A2DD9B700B5443C /* SummaryTableCellView.hpp */ = {isa = PBXFileReference; lastKnownFileType = sourcecode.cpp.h; path = SummaryTableCellView.hpp; sourceTree = "<group>"; };
		4FD442342A2DD9B700B5443C /* SummaryTableCellView.mm */ = {isa = PBXFileReference; lastKnownFileType = sourcecode.cpp.objcpp; path = SummaryTableCellView.mm; sourceTree = "<group>"; };
		4FD442362A2DD9C100B5443C /* SummaryTableCellView.xib */ = {isa = PBXFileReference; lastKnownFileType = file.xib; path = SummaryTableCellView.xib; sourceTree = "<group>"; };
		4FD4423D2A2DE90700B5443C /* IOKitWrapper.cpp */ = {isa = PBXFileReference; lastKnownFileType = sourcecode.cpp.cpp; path = IOKitWrapper.cpp; sourceTree = "<group>"; };
		4FD4423E2A2DE90700B5443C /* IOKitWrapper.hpp */ = {isa = PBXFileReference; lastKnownFileType = sourcecode.cpp.h; path = IOKitWrapper.hpp; sourceTree = "<group>"; };
		4FD442402A2E21B300B5443C /* SummaryNode.cpp */ = {isa = PBXFileReference; lastKnownFileType = sourcecode.cpp.cpp; path = SummaryNode.cpp; sourceTree = "<group>"; };
		4FD442412A2E21B300B5443C /* SummaryNode.hpp */ = {isa = PBXFileReference; lastKnownFileType = sourcecode.cpp.h; path = SummaryNode.hpp; sourceTree = "<group>"; };
		4FD442432A2E259200B5443C /* SummaryNodeObject.hpp */ = {isa = PBXFileReference; lastKnownFileType = sourcecode.cpp.h; path = SummaryNodeObject.hpp; sourceTree = "<group>"; };
		4FD442442A2E259200B5443C /* SummaryNodeObject.mm */ = {isa = PBXFileReference; lastKnownFileType = sourcecode.cpp.objcpp; path = SummaryNodeObject.mm; sourceTree = "<group>"; };
		4FD442482A2E2E6400B5443C /* SummariesViewModel.hpp */ = {isa = PBXFileReference; lastKnownFileType = sourcecode.cpp.h; path = SummariesViewModel.hpp; sourceTree = "<group>"; };
		4FD442492A2E2E6400B5443C /* SummariesViewModel.mm */ = {isa = PBXFileReference; lastKnownFileType = sourcecode.cpp.objcpp; path = SummariesViewModel.mm; sourceTree = "<group>"; };
		4FD4424B2A2E3CB700B5443C /* DetailViewModel.hpp */ = {isa = PBXFileReference; lastKnownFileType = sourcecode.cpp.h; path = DetailViewModel.hpp; sourceTree = "<group>"; };
		4FD4424C2A2E3CB700B5443C /* DetailViewModel.mm */ = {isa = PBXFileReference; lastKnownFileType = sourcecode.cpp.objcpp; path = DetailViewModel.mm; sourceTree = "<group>"; };
/* End PBXFileReference section */

/* Begin PBXFrameworksBuildPhase section */
		4F04C6622A2CC8BF0003C760 /* Frameworks */ = {
			isa = PBXFrameworksBuildPhase;
			buildActionMask = 2147483647;
			files = (
				4FD442462A2E262100B5443C /* IOKit.framework in Frameworks */,
				4FD442472A2E262500B5443C /* AppKit.framework in Frameworks */,
			);
			runOnlyForDeploymentPostprocessing = 0;
		};
/* End PBXFrameworksBuildPhase section */

/* Begin PBXGroup section */
		4F04C65C2A2CC8BF0003C760 = {
			isa = PBXGroup;
			children = (
				4F04C6672A2CC8BF0003C760 /* IOExplorer */,
				4F04C6662A2CC8BF0003C760 /* Products */,
				4F04C6782A2CC8F60003C760 /* Frameworks */,
			);
			sourceTree = "<group>";
		};
		4F04C6662A2CC8BF0003C760 /* Products */ = {
			isa = PBXGroup;
			children = (
				4F04C6652A2CC8BF0003C760 /* IOExplorer.app */,
			);
			name = Products;
			sourceTree = "<group>";
		};
		4F04C6672A2CC8BF0003C760 /* IOExplorer */ = {
			isa = PBXGroup;
			children = (
				4F04C6682A2CC8BF0003C760 /* AppDelegate.hpp */,
				4F04C6692A2CC8BF0003C760 /* AppDelegate.mm */,
				4F04C66B2A2CC8C00003C760 /* Assets.xcassets */,
				4F04C6702A2CC8C00003C760 /* main.mm */,
				4F04C6722A2CC8C00003C760 /* IOExplorer.entitlements */,
				4F04C70F2A2D83250003C760 /* MainSplitViewController.hpp */,
				4F04C7102A2D83250003C760 /* MainSplitViewController.mm */,
				4FD4423C2A2DE8E800B5443C /* Utils */,
				4F04C71E2A2D94620003C760 /* Summaries */,
				4FD442382A2DE0A200B5443C /* Detail */,
			);
			path = IOExplorer;
			sourceTree = "<group>";
		};
		4F04C6782A2CC8F60003C760 /* Frameworks */ = {
			isa = PBXGroup;
			children = (
				4F04C67B2A2CC8FB0003C760 /* IOKit.framework */,
				4F04C6792A2CC8F70003C760 /* AppKit.framework */,
			);
			name = Frameworks;
			sourceTree = "<group>";
		};
		4F04C71E2A2D94620003C760 /* Summaries */ = {
			isa = PBXGroup;
			children = (
				4F04C7152A2D86FD0003C760 /* SummariesViewController.hpp */,
				4F04C7162A2D86FD0003C760 /* SummariesViewController.mm */,
				4FD442482A2E2E6400B5443C /* SummariesViewModel.hpp */,
				4FD442492A2E2E6400B5443C /* SummariesViewModel.mm */,
				4FD442412A2E21B300B5443C /* SummaryNode.hpp */,
				4FD442402A2E21B300B5443C /* SummaryNode.cpp */,
				4FD442432A2E259200B5443C /* SummaryNodeObject.hpp */,
				4FD442442A2E259200B5443C /* SummaryNodeObject.mm */,
				4FD442332A2DD9B700B5443C /* SummaryTableCellView.hpp */,
				4FD442342A2DD9B700B5443C /* SummaryTableCellView.mm */,
				4FD442362A2DD9C100B5443C /* SummaryTableCellView.xib */,
			);
			path = Summaries;
			sourceTree = "<group>";
		};
		4FD442382A2DE0A200B5443C /* Detail */ = {
			isa = PBXGroup;
			children = (
				4F04C7182A2D87ED0003C760 /* DetailViewController.hpp */,
				4F04C7192A2D87ED0003C760 /* DetailViewController.mm */,
				4FD4424B2A2E3CB700B5443C /* DetailViewModel.hpp */,
				4FD4424C2A2E3CB700B5443C /* DetailViewModel.mm */,
			);
			path = Detail;
			sourceTree = "<group>";
		};
		4FD4423C2A2DE8E800B5443C /* Utils */ = {
			isa = PBXGroup;
			children = (
				4FD4423E2A2DE90700B5443C /* IOKitWrapper.hpp */,
				4FD4423D2A2DE90700B5443C /* IOKitWrapper.cpp */,
			);
			path = Utils;
			sourceTree = "<group>";
		};
/* End PBXGroup section */

/* Begin PBXNativeTarget section */
		4F04C6642A2CC8BF0003C760 /* IOExplorer */ = {
			isa = PBXNativeTarget;
			buildConfigurationList = 4F04C6752A2CC8C00003C760 /* Build configuration list for PBXNativeTarget "IOExplorer" */;
			buildPhases = (
				4F04C6612A2CC8BF0003C760 /* Sources */,
				4F04C6622A2CC8BF0003C760 /* Frameworks */,
				4F04C6632A2CC8BF0003C760 /* Resources */,
			);
			buildRules = (
			);
			dependencies = (
			);
			name = IOExplorer;
			productName = IOExplorer;
			productReference = 4F04C6652A2CC8BF0003C760 /* IOExplorer.app */;
			productType = "com.apple.product-type.application";
		};
/* End PBXNativeTarget section */

/* Begin PBXProject section */
		4F04C65D2A2CC8BF0003C760 /* Project object */ = {
			isa = PBXProject;
			attributes = {
				BuildIndependentTargetsInParallel = 1;
				LastUpgradeCheck = 1430;
				TargetAttributes = {
					4F04C6642A2CC8BF0003C760 = {
						CreatedOnToolsVersion = 14.3.1;
					};
				};
			};
			buildConfigurationList = 4F04C6602A2CC8BF0003C760 /* Build configuration list for PBXProject "IOExplorer" */;
			compatibilityVersion = "Xcode 14.0";
			developmentRegion = en;
			hasScannedForEncodings = 0;
			knownRegions = (
				en,
				Base,
			);
			mainGroup = 4F04C65C2A2CC8BF0003C760;
			productRefGroup = 4F04C6662A2CC8BF0003C760 /* Products */;
			projectDirPath = "";
			projectRoot = "";
			targets = (
				4F04C6642A2CC8BF0003C760 /* IOExplorer */,
			);
		};
/* End PBXProject section */

/* Begin PBXResourcesBuildPhase section */
		4F04C6632A2CC8BF0003C760 /* Resources */ = {
			isa = PBXResourcesBuildPhase;
			buildActionMask = 2147483647;
			files = (
				4FD442372A2DD9C100B5443C /* SummaryTableCellView.xib in Resources */,
				4F04C66C2A2CC8C00003C760 /* Assets.xcassets in Resources */,
			);
			runOnlyForDeploymentPostprocessing = 0;
		};
/* End PBXResourcesBuildPhase section */

/* Begin PBXSourcesBuildPhase section */
		4F04C6612A2CC8BF0003C760 /* Sources */ = {
			isa = PBXSourcesBuildPhase;
			buildActionMask = 2147483647;
			files = (
				4F04C6712A2CC8C00003C760 /* main.mm in Sources */,
				4FD4423F2A2DE90700B5443C /* IOKitWrapper.cpp in Sources */,
				4FD442352A2DD9B700B5443C /* SummaryTableCellView.mm in Sources */,
				4FD442452A2E259200B5443C /* SummaryNodeObject.mm in Sources */,
				4FD4424D2A2E3CB700B5443C /* DetailViewModel.mm in Sources */,
				4FD442422A2E21B300B5443C /* SummaryNode.cpp in Sources */,
				4F04C7172A2D86FD0003C760 /* SummariesViewController.mm in Sources */,
				4F04C7112A2D83250003C760 /* MainSplitViewController.mm in Sources */,
				4F04C66A2A2CC8BF0003C760 /* AppDelegate.mm in Sources */,
				4F04C71A2A2D87ED0003C760 /* DetailViewController.mm in Sources */,
				4FD4424A2A2E2E6400B5443C /* SummariesViewModel.mm in Sources */,
			);
			runOnlyForDeploymentPostprocessing = 0;
		};
/* End PBXSourcesBuildPhase section */

/* Begin XCBuildConfiguration section */
		4F04C6732A2CC8C00003C760 /* Debug */ = {
			isa = XCBuildConfiguration;
			buildSettings = {
				ALWAYS_SEARCH_USER_PATHS = NO;
				CLANG_ANALYZER_NONNULL = YES;
				CLANG_ANALYZER_NUMBER_OBJECT_CONVERSION = YES_AGGRESSIVE;
				CLANG_CXX_LANGUAGE_STANDARD = "gnu++20";
				CLANG_ENABLE_MODULES = YES;
				CLANG_ENABLE_OBJC_ARC = NO;
				CLANG_ENABLE_OBJC_WEAK = NO;
				CLANG_WARN_BLOCK_CAPTURE_AUTORELEASING = YES;
				CLANG_WARN_BOOL_CONVERSION = YES;
				CLANG_WARN_COMMA = YES;
				CLANG_WARN_CONSTANT_CONVERSION = YES;
				CLANG_WARN_DEPRECATED_OBJC_IMPLEMENTATIONS = YES;
				CLANG_WARN_DIRECT_OBJC_ISA_USAGE = YES_ERROR;
				CLANG_WARN_DOCUMENTATION_COMMENTS = YES;
				CLANG_WARN_EMPTY_BODY = YES;
				CLANG_WARN_ENUM_CONVERSION = YES;
				CLANG_WARN_INFINITE_RECURSION = YES;
				CLANG_WARN_INT_CONVERSION = YES;
				CLANG_WARN_NON_LITERAL_NULL_CONVERSION = YES;
				CLANG_WARN_OBJC_IMPLICIT_RETAIN_SELF = YES;
				CLANG_WARN_OBJC_LITERAL_CONVERSION = YES;
				CLANG_WARN_OBJC_ROOT_CLASS = YES_ERROR;
				CLANG_WARN_QUOTED_INCLUDE_IN_FRAMEWORK_HEADER = YES;
				CLANG_WARN_RANGE_LOOP_ANALYSIS = YES;
				CLANG_WARN_STRICT_PROTOTYPES = YES;
				CLANG_WARN_SUSPICIOUS_MOVE = YES;
				CLANG_WARN_UNGUARDED_AVAILABILITY = YES_AGGRESSIVE;
				CLANG_WARN_UNREACHABLE_CODE = YES;
				CLANG_WARN__DUPLICATE_METHOD_MATCH = YES;
				COPY_PHASE_STRIP = NO;
				DEBUG_INFORMATION_FORMAT = dwarf;
				ENABLE_STRICT_OBJC_MSGSEND = YES;
				ENABLE_TESTABILITY = YES;
				GCC_C_LANGUAGE_STANDARD = gnu11;
				GCC_DYNAMIC_NO_PIC = NO;
				GCC_NO_COMMON_BLOCKS = YES;
				GCC_OPTIMIZATION_LEVEL = 0;
				GCC_PREPROCESSOR_DEFINITIONS = (
					"DEBUG=1",
					"$(inherited)",
				);
				GCC_WARN_64_TO_32_BIT_CONVERSION = YES;
				GCC_WARN_ABOUT_RETURN_TYPE = YES_ERROR;
				GCC_WARN_UNDECLARED_SELECTOR = YES;
				GCC_WARN_UNINITIALIZED_AUTOS = YES_AGGRESSIVE;
				GCC_WARN_UNUSED_FUNCTION = YES;
				GCC_WARN_UNUSED_VARIABLE = YES;
				MACOSX_DEPLOYMENT_TARGET = 13.3;
				MTL_ENABLE_DEBUG_INFO = INCLUDE_SOURCE;
				MTL_FAST_MATH = YES;
				ONLY_ACTIVE_ARCH = YES;
				SDKROOT = macosx;
			};
			name = Debug;
		};
		4F04C6742A2CC8C00003C760 /* Release */ = {
			isa = XCBuildConfiguration;
			buildSettings = {
				ALWAYS_SEARCH_USER_PATHS = NO;
				CLANG_ANALYZER_NONNULL = YES;
				CLANG_ANALYZER_NUMBER_OBJECT_CONVERSION = YES_AGGRESSIVE;
				CLANG_CXX_LANGUAGE_STANDARD = "gnu++20";
				CLANG_ENABLE_MODULES = YES;
				CLANG_ENABLE_OBJC_ARC = NO;
				CLANG_ENABLE_OBJC_WEAK = NO;
				CLANG_WARN_BLOCK_CAPTURE_AUTORELEASING = YES;
				CLANG_WARN_BOOL_CONVERSION = YES;
				CLANG_WARN_COMMA = YES;
				CLANG_WARN_CONSTANT_CONVERSION = YES;
				CLANG_WARN_DEPRECATED_OBJC_IMPLEMENTATIONS = YES;
				CLANG_WARN_DIRECT_OBJC_ISA_USAGE = YES_ERROR;
				CLANG_WARN_DOCUMENTATION_COMMENTS = YES;
				CLANG_WARN_EMPTY_BODY = YES;
				CLANG_WARN_ENUM_CONVERSION = YES;
				CLANG_WARN_INFINITE_RECURSION = YES;
				CLANG_WARN_INT_CONVERSION = YES;
				CLANG_WARN_NON_LITERAL_NULL_CONVERSION = YES;
				CLANG_WARN_OBJC_IMPLICIT_RETAIN_SELF = YES;
				CLANG_WARN_OBJC_LITERAL_CONVERSION = YES;
				CLANG_WARN_OBJC_ROOT_CLASS = YES_ERROR;
				CLANG_WARN_QUOTED_INCLUDE_IN_FRAMEWORK_HEADER = YES;
				CLANG_WARN_RANGE_LOOP_ANALYSIS = YES;
				CLANG_WARN_STRICT_PROTOTYPES = YES;
				CLANG_WARN_SUSPICIOUS_MOVE = YES;
				CLANG_WARN_UNGUARDED_AVAILABILITY = YES_AGGRESSIVE;
				CLANG_WARN_UNREACHABLE_CODE = YES;
				CLANG_WARN__DUPLICATE_METHOD_MATCH = YES;
				COPY_PHASE_STRIP = NO;
				DEBUG_INFORMATION_FORMAT = "dwarf-with-dsym";
				ENABLE_NS_ASSERTIONS = NO;
				ENABLE_STRICT_OBJC_MSGSEND = YES;
				GCC_C_LANGUAGE_STANDARD = gnu11;
				GCC_NO_COMMON_BLOCKS = YES;
				GCC_WARN_64_TO_32_BIT_CONVERSION = YES;
				GCC_WARN_ABOUT_RETURN_TYPE = YES_ERROR;
				GCC_WARN_UNDECLARED_SELECTOR = YES;
				GCC_WARN_UNINITIALIZED_AUTOS = YES_AGGRESSIVE;
				GCC_WARN_UNUSED_FUNCTION = YES;
				GCC_WARN_UNUSED_VARIABLE = YES;
				MACOSX_DEPLOYMENT_TARGET = 13.3;
				MTL_ENABLE_DEBUG_INFO = NO;
				MTL_FAST_MATH = YES;
				SDKROOT = macosx;
			};
			name = Release;
		};
		4F04C6762A2CC8C00003C760 /* Debug */ = {
			isa = XCBuildConfiguration;
			buildSettings = {
				ASSETCATALOG_COMPILER_APPICON_NAME = AppIcon;
				ASSETCATALOG_COMPILER_GLOBAL_ACCENT_COLOR_NAME = AccentColor;
				CODE_SIGN_ENTITLEMENTS = IOExplorer/IOExplorer.entitlements;
				CODE_SIGN_STYLE = Automatic;
				COMBINE_HIDPI_IMAGES = YES;
				CURRENT_PROJECT_VERSION = 1;
				DEVELOPMENT_TEAM = P53D29U9LJ;
				ENABLE_HARDENED_RUNTIME = YES;
				GENERATE_INFOPLIST_FILE = YES;
				INFOPLIST_KEY_NSHumanReadableCopyright = "";
				INFOPLIST_KEY_NSPrincipalClass = NSApplication;
				LD_RUNPATH_SEARCH_PATHS = (
					"$(inherited)",
					"@executable_path/../Frameworks",
				);
				MARKETING_VERSION = 1.0;
				PRODUCT_BUNDLE_IDENTIFIER = com.pookjw.IOExplorer;
				PRODUCT_NAME = "$(TARGET_NAME)";
				SWIFT_EMIT_LOC_STRINGS = YES;
			};
			name = Debug;
		};
		4F04C6772A2CC8C00003C760 /* Release */ = {
			isa = XCBuildConfiguration;
			buildSettings = {
				ASSETCATALOG_COMPILER_APPICON_NAME = AppIcon;
				ASSETCATALOG_COMPILER_GLOBAL_ACCENT_COLOR_NAME = AccentColor;
				CODE_SIGN_ENTITLEMENTS = IOExplorer/IOExplorer.entitlements;
				CODE_SIGN_STYLE = Automatic;
				COMBINE_HIDPI_IMAGES = YES;
				CURRENT_PROJECT_VERSION = 1;
				DEVELOPMENT_TEAM = P53D29U9LJ;
				ENABLE_HARDENED_RUNTIME = YES;
				GENERATE_INFOPLIST_FILE = YES;
				INFOPLIST_KEY_NSHumanReadableCopyright = "";
				INFOPLIST_KEY_NSPrincipalClass = NSApplication;
				LD_RUNPATH_SEARCH_PATHS = (
					"$(inherited)",
					"@executable_path/../Frameworks",
				);
				MARKETING_VERSION = 1.0;
				PRODUCT_BUNDLE_IDENTIFIER = com.pookjw.IOExplorer;
				PRODUCT_NAME = "$(TARGET_NAME)";
				SWIFT_EMIT_LOC_STRINGS = YES;
			};
			name = Release;
		};
/* End XCBuildConfiguration section */

/* Begin XCConfigurationList section */
		4F04C6602A2CC8BF0003C760 /* Build configuration list for PBXProject "IOExplorer" */ = {
			isa = XCConfigurationList;
			buildConfigurations = (
				4F04C6732A2CC8C00003C760 /* Debug */,
				4F04C6742A2CC8C00003C760 /* Release */,
			);
			defaultConfigurationIsVisible = 0;
			defaultConfigurationName = Release;
		};
		4F04C6752A2CC8C00003C760 /* Build configuration list for PBXNativeTarget "IOExplorer" */ = {
			isa = XCConfigurationList;
			buildConfigurations = (
				4F04C6762A2CC8C00003C760 /* Debug */,
				4F04C6772A2CC8C00003C760 /* Release */,
			);
			defaultConfigurationIsVisible = 0;
			defaultConfigurationName = Release;
		};
/* End XCConfigurationList section */
	};
	rootObject = 4F04C65D2A2CC8BF0003C760 /* Project object */;
}
